
Microsoft Visual Studio Solution File, Format Version 12.00
# Visual Studio 2013
VisualStudioVersion = 12.0.40629.0
MinimumVisualStudioVersion = 10.0.40219.1
Project("{8BC9CEB8-8B4A-11D0-8D11-00A0C91BC942}") = "Creational", "Creational\Creational.vcxproj", "{FB1246F3-75F2-4F72-80A5-B8BF848D4810}"
EndProject
Project("{8BC9CEB8-8B4A-11D0-8D11-00A0C91BC942}") = "Structural", "Structural\Structural.vcxproj", "{BBF942F9-E2AC-42E3-8BB6-5A6B52AADA27}"
EndProject
Project("{8BC9CEB8-8B4A-11D0-8D11-00A0C91BC942}") = "Foundation", "Foundation\Foundation.vcxproj", "{B0DC43C0-C3A4-41F8-8D39-8499B1510F8C}"
EndProject
Project("{8BC9CEB8-8B4A-11D0-8D11-00A0C91BC942}") = "Operational", "Operational\Operational.vcxproj", "{A52F7575-F0DC-4E39-9F35-810D288DD477}"
EndProject
Project("{2150E333-8FDC-42A3-9474-1A3956D46DE8}") = "Creational Patterns", "Creational Patterns", "{37671F32-A557-44B0-B408-85B50C033B59}"
EndProject
Project("{2150E333-8FDC-42A3-9474-1A3956D46DE8}") = "Operational Patterns", "Operational Patterns", "{7B219C52-875B-4CE0-A883-E03FD6A29BC9}"
EndProject
Project("{2150E333-8FDC-42A3-9474-1A3956D46DE8}") = "Structural Patterns", "Structural Patterns", "{AED23D21-5931-4D79-B7BD-1ECB650EF273}"
EndProject
Project("{2150E333-8FDC-42A3-9474-1A3956D46DE8}") = "Commons", "Commons", "{BDD9CB1F-1E1C-487E-A0F1-952BDCFC2278}"
EndProject
Project("{8BC9CEB8-8B4A-11D0-8D11-00A0C91BC942}") = "Structural.Tests", "structural_tests\Structural.Tests.vcxproj", "{20B406D3-8481-47D7-AFBF-25555EE54821}"
EndProject
Project("{8BC9CEB8-8B4A-11D0-8D11-00A0C91BC942}") = "Creational.Tests", "creational_tests\Creational.Tests.vcxproj", "{3BFBE0A9-4E22-4CED-9A86-C741AB7BFC1D}"
EndProject
Project("{8BC9CEB8-8B4A-11D0-8D11-00A0C91BC942}") = "Foundation.Tests", "foundation_tests\Foundation.Tests.vcxproj", "{7F0A8CF0-5229-496A-B93B-75442E827C37}"
EndProject
Project("{8BC9CEB8-8B4A-11D0-8D11-00A0C91BC942}") = "Operational.Tests", "operational_tests\Operational.Tests.vcxproj", "{D7BD0ED4-AC69-410C-80A7-11319F8BD352}"
EndProject
Global
	GlobalSection(SolutionConfigurationPlatforms) = preSolution
		Debug|Mixed Platforms = Debug|Mixed Platforms
		Debug|Win32 = Debug|Win32
		Debug|x64 = Debug|x64
		Debug|x86 = Debug|x86
		Release|Mixed Platforms = Release|Mixed Platforms
		Release|Win32 = Release|Win32
		Release|x64 = Release|x64
		Release|x86 = Release|x86
	EndGlobalSection
	GlobalSection(ProjectConfigurationPlatforms) = postSolution
		{FB1246F3-75F2-4F72-80A5-B8BF848D4810}.Debug|Mixed Platforms.ActiveCfg = Debug|Win32
		{FB1246F3-75F2-4F72-80A5-B8BF848D4810}.Debug|Mixed Platforms.Build.0 = Debug|Win32
		{FB1246F3-75F2-4F72-80A5-B8BF848D4810}.Debug|Win32.ActiveCfg = Debug|Win32
		{FB1246F3-75F2-4F72-80A5-B8BF848D4810}.Debug|Win32.Build.0 = Debug|Win32
		{FB1246F3-75F2-4F72-80A5-B8BF848D4810}.Debug|x64.ActiveCfg = Debug|x64
		{FB1246F3-75F2-4F72-80A5-B8BF848D4810}.Debug|x64.Build.0 = Debug|x64
		{FB1246F3-75F2-4F72-80A5-B8BF848D4810}.Debug|x86.ActiveCfg = Debug|Win32
		{FB1246F3-75F2-4F72-80A5-B8BF848D4810}.Debug|x86.Build.0 = Debug|Win32
		{FB1246F3-75F2-4F72-80A5-B8BF848D4810}.Release|Mixed Platforms.ActiveCfg = Release|Win32
		{FB1246F3-75F2-4F72-80A5-B8BF848D4810}.Release|Mixed Platforms.Build.0 = Release|Win32
		{FB1246F3-75F2-4F72-80A5-B8BF848D4810}.Release|Win32.ActiveCfg = Release|Win32
		{FB1246F3-75F2-4F72-80A5-B8BF848D4810}.Release|Win32.Build.0 = Release|Win32
		{FB1246F3-75F2-4F72-80A5-B8BF848D4810}.Release|x64.ActiveCfg = Release|x64
		{FB1246F3-75F2-4F72-80A5-B8BF848D4810}.Release|x64.Build.0 = Release|x64
		{FB1246F3-75F2-4F72-80A5-B8BF848D4810}.Release|x86.ActiveCfg = Release|Win32
		{FB1246F3-75F2-4F72-80A5-B8BF848D4810}.Release|x86.Build.0 = Release|Win32
		{BBF942F9-E2AC-42E3-8BB6-5A6B52AADA27}.Debug|Mixed Platforms.ActiveCfg = Debug|Win32
		{BBF942F9-E2AC-42E3-8BB6-5A6B52AADA27}.Debug|Mixed Platforms.Build.0 = Debug|Win32
		{BBF942F9-E2AC-42E3-8BB6-5A6B52AADA27}.Debug|Win32.ActiveCfg = Debug|Win32
		{BBF942F9-E2AC-42E3-8BB6-5A6B52AADA27}.Debug|Win32.Build.0 = Debug|Win32
		{BBF942F9-E2AC-42E3-8BB6-5A6B52AADA27}.Debug|x64.ActiveCfg = Debug|Win32
		{BBF942F9-E2AC-42E3-8BB6-5A6B52AADA27}.Debug|x86.ActiveCfg = Debug|Win32
		{BBF942F9-E2AC-42E3-8BB6-5A6B52AADA27}.Debug|x86.Build.0 = Debug|Win32
		{BBF942F9-E2AC-42E3-8BB6-5A6B52AADA27}.Release|Mixed Platforms.ActiveCfg = Release|Win32
		{BBF942F9-E2AC-42E3-8BB6-5A6B52AADA27}.Release|Mixed Platforms.Build.0 = Release|Win32
		{BBF942F9-E2AC-42E3-8BB6-5A6B52AADA27}.Release|Win32.ActiveCfg = Release|Win32
		{BBF942F9-E2AC-42E3-8BB6-5A6B52AADA27}.Release|Win32.Build.0 = Release|Win32
		{BBF942F9-E2AC-42E3-8BB6-5A6B52AADA27}.Release|x64.ActiveCfg = Release|Win32
		{BBF942F9-E2AC-42E3-8BB6-5A6B52AADA27}.Release|x86.ActiveCfg = Release|Win32
		{BBF942F9-E2AC-42E3-8BB6-5A6B52AADA27}.Release|x86.Build.0 = Release|Win32
		{B0DC43C0-C3A4-41F8-8D39-8499B1510F8C}.Debug|Mixed Platforms.ActiveCfg = Debug|Win32
		{B0DC43C0-C3A4-41F8-8D39-8499B1510F8C}.Debug|Mixed Platforms.Build.0 = Debug|Win32
		{B0DC43C0-C3A4-41F8-8D39-8499B1510F8C}.Debug|Win32.ActiveCfg = Debug|Win32
		{B0DC43C0-C3A4-41F8-8D39-8499B1510F8C}.Debug|Win32.Build.0 = Debug|Win32
		{B0DC43C0-C3A4-41F8-8D39-8499B1510F8C}.Debug|x64.ActiveCfg = Debug|Win32
		{B0DC43C0-C3A4-41F8-8D39-8499B1510F8C}.Debug|x86.ActiveCfg = Debug|Win32
		{B0DC43C0-C3A4-41F8-8D39-8499B1510F8C}.Debug|x86.Build.0 = Debug|Win32
		{B0DC43C0-C3A4-41F8-8D39-8499B1510F8C}.Release|Mixed Platforms.ActiveCfg = Release|Win32
		{B0DC43C0-C3A4-41F8-8D39-8499B1510F8C}.Release|Mixed Platforms.Build.0 = Release|Win32
		{B0DC43C0-C3A4-41F8-8D39-8499B1510F8C}.Release|Win32.ActiveCfg = Release|Win32
		{B0DC43C0-C3A4-41F8-8D39-8499B1510F8C}.Release|Win32.Build.0 = Release|Win32
		{B0DC43C0-C3A4-41F8-8D39-8499B1510F8C}.Release|x64.ActiveCfg = Release|Win32
		{B0DC43C0-C3A4-41F8-8D39-8499B1510F8C}.Release|x86.ActiveCfg = Release|Win32
		{B0DC43C0-C3A4-41F8-8D39-8499B1510F8C}.Release|x86.Build.0 = Release|Win32
		{A52F7575-F0DC-4E39-9F35-810D288DD477}.Debug|Mixed Platforms.ActiveCfg = Debug|Win32
		{A52F7575-F0DC-4E39-9F35-810D288DD477}.Debug|Mixed Platforms.Build.0 = Debug|Win32
		{A52F7575-F0DC-4E39-9F35-810D288DD477}.Debug|Win32.ActiveCfg = Debug|Win32
		{A52F7575-F0DC-4E39-9F35-810D288DD477}.Debug|Win32.Build.0 = Debug|Win32
		{A52F7575-F0DC-4E39-9F35-810D288DD477}.Debug|x64.ActiveCfg = Debug|Win32
		{A52F7575-F0DC-4E39-9F35-810D288DD477}.Debug|x86.ActiveCfg = Debug|Win32
		{A52F7575-F0DC-4E39-9F35-810D288DD477}.Debug|x86.Build.0 = Debug|Win32
		{A52F7575-F0DC-4E39-9F35-810D288DD477}.Release|Mixed Platforms.ActiveCfg = Release|Win32
		{A52F7575-F0DC-4E39-9F35-810D288DD477}.Release|Mixed Platforms.Build.0 = Release|Win32
		{A52F7575-F0DC-4E39-9F35-810D288DD477}.Release|Win32.ActiveCfg = Release|Win32
		{A52F7575-F0DC-4E39-9F35-810D288DD477}.Release|Win32.Build.0 = Release|Win32
		{A52F7575-F0DC-4E39-9F35-810D288DD477}.Release|x64.ActiveCfg = Release|Win32
		{A52F7575-F0DC-4E39-9F35-810D288DD477}.Release|x86.ActiveCfg = Release|Win32
		{A52F7575-F0DC-4E39-9F35-810D288DD477}.Release|x86.Build.0 = Release|Win32
		{20B406D3-8481-47D7-AFBF-25555EE54821}.Debug|Mixed Platforms.ActiveCfg = Debug|Win32
		{20B406D3-8481-47D7-AFBF-25555EE54821}.Debug|Mixed Platforms.Build.0 = Debug|Win32
		{20B406D3-8481-47D7-AFBF-25555EE54821}.Debug|Win32.ActiveCfg = Debug|Win32
		{20B406D3-8481-47D7-AFBF-25555EE54821}.Debug|Win32.Build.0 = Debug|Win32
		{20B406D3-8481-47D7-AFBF-25555EE54821}.Debug|x64.ActiveCfg = Debug|Win32
		{20B406D3-8481-47D7-AFBF-25555EE54821}.Debug|x86.ActiveCfg = Debug|Win32
		{20B406D3-8481-47D7-AFBF-25555EE54821}.Debug|x86.Build.0 = Debug|Win32
		{20B406D3-8481-47D7-AFBF-25555EE54821}.Release|Mixed Platforms.ActiveCfg = Release|Win32
		{20B406D3-8481-47D7-AFBF-25555EE54821}.Release|Mixed Platforms.Build.0 = Release|Win32
		{20B406D3-8481-47D7-AFBF-25555EE54821}.Release|Win32.ActiveCfg = Release|Win32
		{20B406D3-8481-47D7-AFBF-25555EE54821}.Release|Win32.Build.0 = Release|Win32
		{20B406D3-8481-47D7-AFBF-25555EE54821}.Release|x64.ActiveCfg = Release|Win32
		{20B406D3-8481-47D7-AFBF-25555EE54821}.Release|x86.ActiveCfg = Release|Win32
		{20B406D3-8481-47D7-AFBF-25555EE54821}.Release|x86.Build.0 = Release|Win32
		{3BFBE0A9-4E22-4CED-9A86-C741AB7BFC1D}.Debug|Mixed Platforms.ActiveCfg = Debug|Win32
		{3BFBE0A9-4E22-4CED-9A86-C741AB7BFC1D}.Debug|Mixed Platforms.Build.0 = Debug|Win32
		{3BFBE0A9-4E22-4CED-9A86-C741AB7BFC1D}.Debug|Win32.ActiveCfg = Debug|Win32
		{3BFBE0A9-4E22-4CED-9A86-C741AB7BFC1D}.Debug|Win32.Build.0 = Debug|Win32
		{3BFBE0A9-4E22-4CED-9A86-C741AB7BFC1D}.Debug|x64.ActiveCfg = Debug|x64
		{3BFBE0A9-4E22-4CED-9A86-C741AB7BFC1D}.Debug|x64.Build.0 = Debug|x64
		{3BFBE0A9-4E22-4CED-9A86-C741AB7BFC1D}.Debug|x86.ActiveCfg = Debug|Win32
		{3BFBE0A9-4E22-4CED-9A86-C741AB7BFC1D}.Debug|x86.Build.0 = Debug|Win32
		{3BFBE0A9-4E22-4CED-9A86-C741AB7BFC1D}.Release|Mixed Platforms.ActiveCfg = Release|Win32
		{3BFBE0A9-4E22-4CED-9A86-C741AB7BFC1D}.Release|Mixed Platforms.Build.0 = Release|Win32
		{3BFBE0A9-4E22-4CED-9A86-C741AB7BFC1D}.Release|Win32.ActiveCfg = Release|Win32
		{3BFBE0A9-4E22-4CED-9A86-C741AB7BFC1D}.Release|Win32.Build.0 = Release|Win32
		{3BFBE0A9-4E22-4CED-9A86-C741AB7BFC1D}.Release|x64.ActiveCfg = Release|x64
		{3BFBE0A9-4E22-4CED-9A86-C741AB7BFC1D}.Release|x64.Build.0 = Release|x64
		{3BFBE0A9-4E22-4CED-9A86-C741AB7BFC1D}.Release|x86.ActiveCfg = Release|Win32
		{3BFBE0A9-4E22-4CED-9A86-C741AB7BFC1D}.Release|x86.Build.0 = Release|Win32
		{7F0A8CF0-5229-496A-B93B-75442E827C37}.Debug|Mixed Platforms.ActiveCfg = Debug|Win32
		{7F0A8CF0-5229-496A-B93B-75442E827C37}.Debug|Mixed Platforms.Build.0 = Debug|Win32
		{7F0A8CF0-5229-496A-B93B-75442E827C37}.Debug|Win32.ActiveCfg = Debug|Win32
		{7F0A8CF0-5229-496A-B93B-75442E827C37}.Debug|Win32.Build.0 = Debug|Win32
		{7F0A8CF0-5229-496A-B93B-75442E827C37}.Debug|x64.ActiveCfg = Debug|Win32
		{7F0A8CF0-5229-496A-B93B-75442E827C37}.Debug|x86.ActiveCfg = Debug|Win32
		{7F0A8CF0-5229-496A-B93B-75442E827C37}.Debug|x86.Build.0 = Debug|Win32
		{7F0A8CF0-5229-496A-B93B-75442E827C37}.Release|Mixed Platforms.ActiveCfg = Release|Win32
		{7F0A8CF0-5229-496A-B93B-75442E827C37}.Release|Mixed Platforms.Build.0 = Release|Win32
		{7F0A8CF0-5229-496A-B93B-75442E827C37}.Release|Win32.ActiveCfg = Release|Win32
		{7F0A8CF0-5229-496A-B93B-75442E827C37}.Release|Win32.Build.0 = Release|Win32
		{7F0A8CF0-5229-496A-B93B-75442E827C37}.Release|x64.ActiveCfg = Release|Win32
		{7F0A8CF0-5229-496A-B93B-75442E827C37}.Release|x86.ActiveCfg = Release|Win32
		{7F0A8CF0-5229-496A-B93B-75442E827C37}.Release|x86.Build.0 = Release|Win32
		{D7BD0ED4-AC69-410C-80A7-11319F8BD352}.Debug|Mixed Platforms.ActiveCfg = Debug|Win32
		{D7BD0ED4-AC69-410C-80A7-11319F8BD352}.Debug|Mixed Platforms.Build.0 = Debug|Win32
		{D7BD0ED4-AC69-410C-80A7-11319F8BD352}.Debug|Win32.ActiveCfg = Debug|Win32
		{D7BD0ED4-AC69-410C-80A7-11319F8BD352}.Debug|Win32.Build.0 = Debug|Win32
		{D7BD0ED4-AC69-410C-80A7-11319F8BD352}.Debug|x64.ActiveCfg = Debug|Win32
		{D7BD0ED4-AC69-410C-80A7-11319F8BD352}.Debug|x86.ActiveCfg = Debug|Win32
		{D7BD0ED4-AC69-410C-80A7-11319F8BD352}.Debug|x86.Build.0 = Debug|Win32
		{D7BD0ED4-AC69-410C-80A7-11319F8BD352}.Release|Mixed Platforms.ActiveCfg = Release|Win32
		{D7BD0ED4-AC69-410C-80A7-11319F8BD352}.Release|Mixed Platforms.Build.0 = Release|Win32
		{D7BD0ED4-AC69-410C-80A7-11319F8BD352}.Release|Win32.ActiveCfg = Release|Win32
		{D7BD0ED4-AC69-410C-80A7-11319F8BD352}.Release|Win32.Build.0 = Release|Win32
		{D7BD0ED4-AC69-410C-80A7-11319F8BD352}.Release|x64.ActiveCfg = Release|Win32
		{D7BD0ED4-AC69-410C-80A7-11319F8BD352}.Release|x86.ActiveCfg = Release|Win32
		{D7BD0ED4-AC69-410C-80A7-11319F8BD352}.Release|x86.Build.0 = Release|Win32
	EndGlobalSection
	GlobalSection(SolutionProperties) = preSolution
		HideSolutionNode = FALSE
	EndGlobalSection
	GlobalSection(NestedProjects) = preSolution
		{FB1246F3-75F2-4F72-80A5-B8BF848D4810} = {37671F32-A557-44B0-B408-85B50C033B59}
		{BBF942F9-E2AC-42E3-8BB6-5A6B52AADA27} = {AED23D21-5931-4D79-B7BD-1ECB650EF273}
		{B0DC43C0-C3A4-41F8-8D39-8499B1510F8C} = {BDD9CB1F-1E1C-487E-A0F1-952BDCFC2278}
		{A52F7575-F0DC-4E39-9F35-810D288DD477} = {7B219C52-875B-4CE0-A883-E03FD6A29BC9}
		{20B406D3-8481-47D7-AFBF-25555EE54821} = {AED23D21-5931-4D79-B7BD-1ECB650EF273}
		{3BFBE0A9-4E22-4CED-9A86-C741AB7BFC1D} = {37671F32-A557-44B0-B408-85B50C033B59}
		{7F0A8CF0-5229-496A-B93B-75442E827C37} = {BDD9CB1F-1E1C-487E-A0F1-952BDCFC2278}
		{D7BD0ED4-AC69-410C-80A7-11319F8BD352} = {7B219C52-875B-4CE0-A883-E03FD6A29BC9}
	EndGlobalSection
EndGlobal
