<?xml version="1.0" encoding="utf-8"?>
<Project ToolsVersion="4.0" xmlns="http://schemas.microsoft.com/developer/msbuild/2003">
  <ItemGroup>
    <Filter Include="Source Files">
      <UniqueIdentifier>{4FC737F1-C7A5-4376-A066-2A32D752A2FF}</UniqueIdentifier>
      <Extensions>cpp;c;cc;cxx;def;odl;idl;hpj;bat;asm;asmx</Extensions>
    </Filter>
    <Filter Include="Header Files">
      <UniqueIdentifier>{93995380-89BD-4b04-88EB-625FBE52EBFB}</UniqueIdentifier>
      <Extensions>h;hh;hpp;hxx;hm;inl;inc;xsd</Extensions>
    </Filter>
    <Filter Include="Resource Files">
      <UniqueIdentifier>{67DA6AB6-F800-4c08-8B7A-83BB121AAD01}</UniqueIdentifier>
      <Extensions>rc;ico;cur;bmp;dlg;rc2;rct;bin;rgs;gif;jpg;jpeg;jpe;resx;tiff;tif;png;wav;mfcribbon-ms</Extensions>
    </Filter>
    <Filter Include="Header Files\factorymethod">
      <UniqueIdentifier>{c219b87d-9f1b-4c8b-b4e8-4d48154c19fe}</UniqueIdentifier>
    </Filter>
    <Filter Include="Source Files\factorymethod">
      <UniqueIdentifier>{3edb1021-64ec-4019-907b-22983b90a908}</UniqueIdentifier>
    </Filter>
    <Filter Include="Header Files\abstractfactory">
      <UniqueIdentifier>{3be1d8d9-cb6d-4833-9211-09d367eaa02e}</UniqueIdentifier>
    </Filter>
    <Filter Include="Source Files\abstractfactory">
      <UniqueIdentifier>{4967a72b-9bef-4b37-8b0f-a329319790bd}</UniqueIdentifier>
    </Filter>
    <Filter Include="Header Files\prototype">
      <UniqueIdentifier>{f75ae4e6-5104-4af2-a56d-1f3a96f89eb2}</UniqueIdentifier>
    </Filter>
    <Filter Include="Source Files\prototype">
      <UniqueIdentifier>{4d99a1cc-b308-46fd-8e9c-1716624fd160}</UniqueIdentifier>
    </Filter>
    <Filter Include="Source Files\builder">
      <UniqueIdentifier>{45b76ee8-6262-42e4-901e-27879e49ae96}</UniqueIdentifier>
    </Filter>
    <Filter Include="Header Files\builder">
      <UniqueIdentifier>{2dbfe309-37d0-4f2b-ab0b-d974513c8a73}</UniqueIdentifier>
    </Filter>
    <Filter Include="Source Files\mazegame">
      <UniqueIdentifier>{71e4310b-9557-4eda-b274-5d039b3a7143}</UniqueIdentifier>
    </Filter>
    <Filter Include="Header Files\mazegame">
      <UniqueIdentifier>{ff00495b-a44d-4641-84b5-d3df545eb64e}</UniqueIdentifier>
    </Filter>
    <Filter Include="Header Files\mazeparts">
      <UniqueIdentifier>{ea569336-3f24-4441-b906-75f1111c3402}</UniqueIdentifier>
    </Filter>
    <Filter Include="Source Files\mazeparts">
      <UniqueIdentifier>{89f90809-eaa6-4038-99ef-e2c3d7c7d7f0}</UniqueIdentifier>
    </Filter>
  </ItemGroup>
  <ItemGroup>
    <ClCompile Include="src\factorymethod\bombed_maze_game.cc">
      <Filter>Source Files\factorymethod</Filter>
    </ClCompile>
    <ClCompile Include="src\factorymethod\enchanted_maze_game.cc">
      <Filter>Source Files\factorymethod</Filter>
    </ClCompile>
    <ClCompile Include="src\abstractfactory\bombed_maze_factory.cc">
      <Filter>Source Files\abstractfactory</Filter>
    </ClCompile>
    <ClCompile Include="src\abstractfactory\enchanted_maze_factory.cc">
      <Filter>Source Files\abstractfactory</Filter>
    </ClCompile>
    <ClCompile Include="src\abstractfactory\maze_factory.cc">
      <Filter>Source Files\abstractfactory</Filter>
    </ClCompile>
    <ClCompile Include="src\builder\counting_maze_builder.cc">
      <Filter>Source Files\builder</Filter>
    </ClCompile>
    <ClCompile Include="src\prototype\maze_prototype_factory.cc">
      <Filter>Source Files\prototype</Filter>
    </ClCompile>
    <ClCompile Include="src\mazegame\maze_game.cc">
      <Filter>Source Files\mazegame</Filter>
    </ClCompile>
    <ClCompile Include="src\mazeparts\bombed_wall.cc">
      <Filter>Source Files\mazeparts</Filter>
    </ClCompile>
    <ClCompile Include="src\mazeparts\door.cc">
      <Filter>Source Files\mazeparts</Filter>
    </ClCompile>
    <ClCompile Include="src\mazeparts\door_needing_spell.cc">
      <Filter>Source Files\mazeparts</Filter>
    </ClCompile>
    <ClCompile Include="src\mazeparts\enchanted_room.cc">
      <Filter>Source Files\mazeparts</Filter>
    </ClCompile>
    <ClCompile Include="src\mazeparts\maze.cc">
      <Filter>Source Files\mazeparts</Filter>
    </ClCompile>
    <ClCompile Include="src\mazeparts\room.cc">
      <Filter>Source Files\mazeparts</Filter>
    </ClCompile>
    <ClCompile Include="src\mazeparts\room_with_a_bomb.cc">
      <Filter>Source Files\mazeparts</Filter>
    </ClCompile>
    <ClCompile Include="src\mazeparts\twisty_turny_passage.cc">
      <Filter>Source Files\mazeparts</Filter>
    </ClCompile>
    <ClCompile Include="src\mazeparts\wall.cc">
      <Filter>Source Files\mazeparts</Filter>
    </ClCompile>
    <ClCompile Include="src\builder\standard_maze_builder.cc">
      <Filter>Source Files\builder</Filter>
    </ClCompile>
    <ClCompile Include="src\mazeparts\spell.cc">
      <Filter>Source Files\mazeparts</Filter>
    </ClCompile>
  </ItemGroup>
  <ItemGroup>
    <ClInclude Include="src\factorymethod\bombed_maze_game.h">
      <Filter>Header Files\factorymethod</Filter>
    </ClInclude>
    <ClInclude Include="src\factorymethod\enchanted_maze_game.h">
      <Filter>Header Files\factorymethod</Filter>
    </ClInclude>
    <ClInclude Include="src\abstractfactory\bombed_maze_factory.h">
      <Filter>Header Files\abstractfactory</Filter>
    </ClInclude>
    <ClInclude Include="src\abstractfactory\enchanted_maze_factory.h">
      <Filter>Header Files\abstractfactory</Filter>
    </ClInclude>
    <ClInclude Include="src\builder\counting_maze_builder.h">
      <Filter>Header Files\builder</Filter>
    </ClInclude>
    <ClInclude Include="src\prototype\maze_prototype_factory.h">
      <Filter>Header Files\prototype</Filter>
    </ClInclude>
    <ClInclude Include="src\mazegame\maze_game.h">
      <Filter>Header Files\mazegame</Filter>
    </ClInclude>
    <ClInclude Include="src\mazeparts\bombed_wall.h">
      <Filter>Header Files\mazeparts</Filter>
    </ClInclude>
    <ClInclude Include="src\mazeparts\direction.h">
      <Filter>Header Files\mazeparts</Filter>
    </ClInclude>
    <ClInclude Include="src\mazeparts\door.h">
      <Filter>Header Files\mazeparts</Filter>
    </ClInclude>
    <ClInclude Include="src\mazeparts\door_needing_spell.h">
      <Filter>Header Files\mazeparts</Filter>
    </ClInclude>
    <ClInclude Include="src\mazeparts\enchanted_room.h">
      <Filter>Header Files\mazeparts</Filter>
    </ClInclude>
    <ClInclude Include="src\mazeparts\maze.h">
      <Filter>Header Files\mazeparts</Filter>
    </ClInclude>
    <ClInclude Include="src\mazeparts\room.h">
      <Filter>Header Files\mazeparts</Filter>
    </ClInclude>
    <ClInclude Include="src\mazeparts\room_with_a_bomb.h">
      <Filter>Header Files\mazeparts</Filter>
    </ClInclude>
    <ClInclude Include="src\mazeparts\spell.h">
      <Filter>Header Files\mazeparts</Filter>
    </ClInclude>
    <ClInclude Include="src\mazeparts\twisty_turny_passage.h">
      <Filter>Header Files\mazeparts</Filter>
    </ClInclude>
    <ClInclude Include="src\mazeparts\wall.h">
      <Filter>Header Files\mazeparts</Filter>
    </ClInclude>
    <ClInclude Include="src\abstractfactory\maze_factory_interface.h">
      <Filter>Header Files\abstractfactory</Filter>
    </ClInclude>
    <ClInclude Include="src\abstractfactory\maze_factory.h">
      <Filter>Header Files\abstractfactory</Filter>
    </ClInclude>
    <ClInclude Include="src\mazeparts\map_site_interface.h">
      <Filter>Header Files\mazeparts</Filter>
    </ClInclude>
    <ClInclude Include="src\builder\maze_builder_interface.h">
      <Filter>Header Files\builder</Filter>
    </ClInclude>
    <ClInclude Include="src\builder\standard_maze_builder.h">
      <Filter>Header Files\builder</Filter>
    </ClInclude>
  </ItemGroup>
</Project>