<?xml version="1.0" encoding="utf-8"?>
<Project ToolsVersion="4.0" xmlns="http://schemas.microsoft.com/developer/msbuild/2003">
  <ItemGroup>
    <Filter Include="Source Files">
      <UniqueIdentifier>{4FC737F1-C7A5-4376-A066-2A32D752A2FF}</UniqueIdentifier>
      <Extensions>cpp;c;cc;cxx;def;odl;idl;hpj;bat;asm;asmx</Extensions>
    </Filter>
    <Filter Include="Header Files">
      <UniqueIdentifier>{93995380-89BD-4b04-88EB-625FBE52EBFB}</UniqueIdentifier>
      <Extensions>h;hh;hpp;hxx;hm;inl;inc;xsd</Extensions>
    </Filter>
    <Filter Include="Resource Files">
      <UniqueIdentifier>{67DA6AB6-F800-4c08-8B7A-83BB121AAD01}</UniqueIdentifier>
      <Extensions>rc;ico;cur;bmp;dlg;rc2;rct;bin;rgs;gif;jpg;jpeg;jpe;resx;tiff;tif;png;wav;mfcribbon-ms</Extensions>
    </Filter>
    <Filter Include="Source Files\mazeparts">
      <UniqueIdentifier>{ca1f3402-aeee-4716-b603-aec6cc690246}</UniqueIdentifier>
    </Filter>
    <Filter Include="Source Files\mazegame">
      <UniqueIdentifier>{aa4c99e6-4bd1-429c-802f-73fdbab7e82b}</UniqueIdentifier>
    </Filter>
    <Filter Include="Source Files\utils">
      <UniqueIdentifier>{e3b56910-6229-4e01-a920-d66125996b52}</UniqueIdentifier>
    </Filter>
    <Filter Include="Header Files\utils">
      <UniqueIdentifier>{9629c7d6-6938-4cfa-b02b-f5337d06b353}</UniqueIdentifier>
    </Filter>
  </ItemGroup>
  <ItemGroup>
    <ClCompile Include="src\mazeparts\bombed_wall_test.cc">
      <Filter>Source Files\mazeparts</Filter>
    </ClCompile>
    <ClCompile Include="src\mazeparts\door_needing_spell_test.cc">
      <Filter>Source Files\mazeparts</Filter>
    </ClCompile>
    <ClCompile Include="src\mazeparts\door_test.cc">
      <Filter>Source Files\mazeparts</Filter>
    </ClCompile>
    <ClCompile Include="src\mazeparts\enchanted_room_test.cc">
      <Filter>Source Files\mazeparts</Filter>
    </ClCompile>
    <ClCompile Include="src\mazeparts\maze_test.cc">
      <Filter>Source Files\mazeparts</Filter>
    </ClCompile>
    <ClCompile Include="src\mazeparts\room_test.cc">
      <Filter>Source Files\mazeparts</Filter>
    </ClCompile>
    <ClCompile Include="src\mazeparts\room_with_a_bomb_test.cc">
      <Filter>Source Files\mazeparts</Filter>
    </ClCompile>
    <ClCompile Include="src\mazeparts\twisty_turny_passage_test.cc">
      <Filter>Source Files\mazeparts</Filter>
    </ClCompile>
    <ClCompile Include="src\mazeparts\wall_test.cc">
      <Filter>Source Files\mazeparts</Filter>
    </ClCompile>
    <ClCompile Include="src\mazegame\maze_game_test.cc">
      <Filter>Source Files\mazegame</Filter>
    </ClCompile>
    <ClCompile Include="src\utils\validator.cc">
      <Filter>Source Files\utils</Filter>
    </ClCompile>
  </ItemGroup>
  <ItemGroup>
    <ClInclude Include="src\utils\validator.h">
      <Filter>Header Files\utils</Filter>
    </ClInclude>
  </ItemGroup>
</Project>