<?xml version="1.0" encoding="utf-8"?>
<Project ToolsVersion="4.0" xmlns="http://schemas.microsoft.com/developer/msbuild/2003">
  <ItemGroup>
    <Filter Include="Source Files">
      <UniqueIdentifier>{4FC737F1-C7A5-4376-A066-2A32D752A2FF}</UniqueIdentifier>
      <Extensions>cpp;c;cc;cxx;def;odl;idl;hpj;bat;asm;asmx</Extensions>
    </Filter>
    <Filter Include="Header Files">
      <UniqueIdentifier>{93995380-89BD-4b04-88EB-625FBE52EBFB}</UniqueIdentifier>
      <Extensions>h;hh;hpp;hxx;hm;inl;inc;xsd</Extensions>
    </Filter>
    <Filter Include="Resource Files">
      <UniqueIdentifier>{67DA6AB6-F800-4c08-8B7A-83BB121AAD01}</UniqueIdentifier>
      <Extensions>rc;ico;cur;bmp;dlg;rc2;rct;bin;rgs;gif;jpg;jpeg;jpe;resx;tiff;tif;png;wav;mfcribbon-ms</Extensions>
    </Filter>
    <Filter Include="Source Files\observer">
      <UniqueIdentifier>{bd939825-b80e-433f-a48e-90d938bb972f}</UniqueIdentifier>
    </Filter>
    <Filter Include="Source Files\iterator">
      <UniqueIdentifier>{c2611c0b-0eb2-4818-a450-9a78510d5ae6}</UniqueIdentifier>
    </Filter>
    <Filter Include="Source Files\chain">
      <UniqueIdentifier>{5a21542c-9100-4203-bf23-b62e4d911953}</UniqueIdentifier>
    </Filter>
    <Filter Include="Source Files\interpreter">
      <UniqueIdentifier>{7b6356c2-63bd-4f8c-ab49-302d59e5490b}</UniqueIdentifier>
    </Filter>
    <Filter Include="Source Files\mediator">
      <UniqueIdentifier>{ac89dffa-1e05-44b9-82ba-51b97e0c3ee9}</UniqueIdentifier>
    </Filter>
    <Filter Include="Source Files\templatemethod">
      <UniqueIdentifier>{51e12015-a650-4cc2-ac7e-67866f258966}</UniqueIdentifier>
    </Filter>
    <Filter Include="Source Files\visitor">
      <UniqueIdentifier>{5bda23dc-b3c3-4776-bbd8-bf7c519525a8}</UniqueIdentifier>
    </Filter>
    <Filter Include="Source Files\memento">
      <UniqueIdentifier>{ef5f6f82-b5fd-47b1-b7c5-7851bb30fc7d}</UniqueIdentifier>
    </Filter>
    <Filter Include="Source Files\command">
      <UniqueIdentifier>{643398fb-c6db-43be-bfce-e01b3632ca79}</UniqueIdentifier>
    </Filter>
  </ItemGroup>
  <ItemGroup>
    <ClCompile Include="src\iterator\iterator_test.cc">
      <Filter>Source Files\iterator</Filter>
    </ClCompile>
    <ClCompile Include="src\observer\clock_timer_test.cc">
      <Filter>Source Files\observer</Filter>
    </ClCompile>
    <ClCompile Include="src\observer\observer_test.cc">
      <Filter>Source Files\observer</Filter>
    </ClCompile>
    <ClCompile Include="src\interpreter\interpreter_test.cc">
      <Filter>Source Files\interpreter</Filter>
    </ClCompile>
    <ClCompile Include="src\chain\chain_test.cc">
      <Filter>Source Files\chain</Filter>
    </ClCompile>
    <ClCompile Include="src\chain\application_test.cc">
      <Filter>Source Files\chain</Filter>
    </ClCompile>
    <ClCompile Include="src\mediator\mediator_test.cc">
      <Filter>Source Files\mediator</Filter>
    </ClCompile>
    <ClCompile Include="src\templatemethod\templatemethod_test.cc">
      <Filter>Source Files\templatemethod</Filter>
    </ClCompile>
    <ClCompile Include="src\visitor\visitor_test.cc">
      <Filter>Source Files\visitor</Filter>
    </ClCompile>
    <ClCompile Include="src\memento\memento_test.cc">
      <Filter>Source Files\memento</Filter>
    </ClCompile>
    <ClCompile Include="src\command\command_test.cc">
      <Filter>Source Files\command</Filter>
    </ClCompile>
  </ItemGroup>
</Project>